// !$*UTF8*$!
{
	archiveVersion = 1;
	classes = {
	};
	objectVersion = 56;
	objects = {

/* Begin PBXBuildFile section */
		7E8CB3542BBEFAD8004A748D /* Networkable.swift in Sources */ = {isa = PBXBuildFile; fileRef = 7E8CB3532BBEFAD8004A748D /* Networkable.swift */; };
		7E8CB3562BBEFEF8004A748D /* NewsViewModel.swift in Sources */ = {isa = PBXBuildFile; fileRef = 7E8CB3552BBEFEF8004A748D /* NewsViewModel.swift */; };
		7E8CB3582BBEFFBA004A748D /* NewsEndpoints.swift in Sources */ = {isa = PBXBuildFile; fileRef = 7E8CB3572BBEFFBA004A748D /* NewsEndpoints.swift */; };
		7E8CB35A2BBF0063004A748D /* NewsPresenter.swift in Sources */ = {isa = PBXBuildFile; fileRef = 7E8CB3592BBF0063004A748D /* NewsPresenter.swift */; };
		7E8CB35C2BBF006B004A748D /* NewsView.swift in Sources */ = {isa = PBXBuildFile; fileRef = 7E8CB35B2BBF006B004A748D /* NewsView.swift */; };
		7E8CB35E2BBF007D004A748D /* NewsErrorView.swift in Sources */ = {isa = PBXBuildFile; fileRef = 7E8CB35D2BBF007D004A748D /* NewsErrorView.swift */; };
		7E8CB3602BBF0086004A748D /* NewsLoaderView.swift in Sources */ = {isa = PBXBuildFile; fileRef = 7E8CB35F2BBF0086004A748D /* NewsLoaderView.swift */; };
		7E8CB3642BBF0104004A748D /* NewsService.swift in Sources */ = {isa = PBXBuildFile; fileRef = 7E8CB3632BBF0104004A748D /* NewsService.swift */; };
		7E93A5CB2BBDA60A00D71447 /* AppDelegate.swift in Sources */ = {isa = PBXBuildFile; fileRef = 7E93A5CA2BBDA60A00D71447 /* AppDelegate.swift */; };
		7E93A5CD2BBDA60A00D71447 /* SceneDelegate.swift in Sources */ = {isa = PBXBuildFile; fileRef = 7E93A5CC2BBDA60A00D71447 /* SceneDelegate.swift */; };
		7E93A5CF2BBDA60A00D71447 /* NewsViewController.swift in Sources */ = {isa = PBXBuildFile; fileRef = 7E93A5CE2BBDA60A00D71447 /* NewsViewController.swift */; };
		7E93A5D42BBDA60C00D71447 /* Assets.xcassets in Resources */ = {isa = PBXBuildFile; fileRef = 7E93A5D32BBDA60C00D71447 /* Assets.xcassets */; };
		7E93A5D72BBDA60C00D71447 /* Base in Resources */ = {isa = PBXBuildFile; fileRef = 7E93A5D62BBDA60C00D71447 /* Base */; };
		7E93A5E22BBDBD3A00D71447 /* NewsModel.swift in Sources */ = {isa = PBXBuildFile; fileRef = 7E93A5E12BBDBD3A00D71447 /* NewsModel.swift */; };
		7E93A5EC2BBDCD3600D71447 /* NewsDataProvider.swift in Sources */ = {isa = PBXBuildFile; fileRef = 7E93A5EB2BBDCD3600D71447 /* NewsDataProvider.swift */; };
		7E93A5EE2BBDCD9500D71447 /* NetworkSource.swift in Sources */ = {isa = PBXBuildFile; fileRef = 7E93A5ED2BBDCD9500D71447 /* NetworkSource.swift */; };
/* End PBXBuildFile section */

/* Begin PBXFileReference section */
		7E8CB3532BBEFAD8004A748D /* Networkable.swift */ = {isa = PBXFileReference; lastKnownFileType = sourcecode.swift; path = Networkable.swift; sourceTree = "<group>"; };
		7E8CB3552BBEFEF8004A748D /* NewsViewModel.swift */ = {isa = PBXFileReference; lastKnownFileType = sourcecode.swift; path = NewsViewModel.swift; sourceTree = "<group>"; };
		7E8CB3572BBEFFBA004A748D /* NewsEndpoints.swift */ = {isa = PBXFileReference; lastKnownFileType = sourcecode.swift; path = NewsEndpoints.swift; sourceTree = "<group>"; };
		7E8CB3592BBF0063004A748D /* NewsPresenter.swift */ = {isa = PBXFileReference; lastKnownFileType = sourcecode.swift; path = NewsPresenter.swift; sourceTree = "<group>"; };
		7E8CB35B2BBF006B004A748D /* NewsView.swift */ = {isa = PBXFileReference; lastKnownFileType = sourcecode.swift; path = NewsView.swift; sourceTree = "<group>"; };
		7E8CB35D2BBF007D004A748D /* NewsErrorView.swift */ = {isa = PBXFileReference; lastKnownFileType = sourcecode.swift; path = NewsErrorView.swift; sourceTree = "<group>"; };
		7E8CB35F2BBF0086004A748D /* NewsLoaderView.swift */ = {isa = PBXFileReference; lastKnownFileType = sourcecode.swift; path = NewsLoaderView.swift; sourceTree = "<group>"; };
		7E8CB3632BBF0104004A748D /* NewsService.swift */ = {isa = PBXFileReference; lastKnownFileType = sourcecode.swift; path = NewsService.swift; sourceTree = "<group>"; };
		7E93A5C72BBDA60A00D71447 /* NewsApp.app */ = {isa = PBXFileReference; explicitFileType = wrapper.application; includeInIndex = 0; path = NewsApp.app; sourceTree = BUILT_PRODUCTS_DIR; };
		7E93A5CA2BBDA60A00D71447 /* AppDelegate.swift */ = {isa = PBXFileReference; lastKnownFileType = sourcecode.swift; path = AppDelegate.swift; sourceTree = "<group>"; };
		7E93A5CC2BBDA60A00D71447 /* SceneDelegate.swift */ = {isa = PBXFileReference; lastKnownFileType = sourcecode.swift; path = SceneDelegate.swift; sourceTree = "<group>"; };
		7E93A5CE2BBDA60A00D71447 /* NewsViewController.swift */ = {isa = PBXFileReference; lastKnownFileType = sourcecode.swift; path = NewsViewController.swift; sourceTree = "<group>"; };
		7E93A5D32BBDA60C00D71447 /* Assets.xcassets */ = {isa = PBXFileReference; lastKnownFileType = folder.assetcatalog; path = Assets.xcassets; sourceTree = "<group>"; };
		7E93A5D62BBDA60C00D71447 /* Base */ = {isa = PBXFileReference; lastKnownFileType = file.storyboard; name = Base; path = Base.lproj/LaunchScreen.storyboard; sourceTree = "<group>"; };
		7E93A5D82BBDA60C00D71447 /* Info.plist */ = {isa = PBXFileReference; lastKnownFileType = text.plist.xml; path = Info.plist; sourceTree = "<group>"; };
		7E93A5E12BBDBD3A00D71447 /* NewsModel.swift */ = {isa = PBXFileReference; lastKnownFileType = sourcecode.swift; path = NewsModel.swift; sourceTree = "<group>"; };
		7E93A5EB2BBDCD3600D71447 /* NewsDataProvider.swift */ = {isa = PBXFileReference; lastKnownFileType = sourcecode.swift; path = NewsDataProvider.swift; sourceTree = "<group>"; };
		7E93A5ED2BBDCD9500D71447 /* NetworkSource.swift */ = {isa = PBXFileReference; lastKnownFileType = sourcecode.swift; path = NetworkSource.swift; sourceTree = "<group>"; };
/* End PBXFileReference section */

/* Begin PBXFrameworksBuildPhase section */
		7E93A5C42BBDA60A00D71447 /* Frameworks */ = {
			isa = PBXFrameworksBuildPhase;
			buildActionMask = 2147483647;
			files = (
			);
			runOnlyForDeploymentPostprocessing = 0;
		};
/* End PBXFrameworksBuildPhase section */

/* Begin PBXGroup section */
		7E8CB3612BBF00B3004A748D /* Views */ = {
			isa = PBXGroup;
			children = (
				7E8CB35B2BBF006B004A748D /* NewsView.swift */,
				7E8CB35D2BBF007D004A748D /* NewsErrorView.swift */,
				7E8CB35F2BBF0086004A748D /* NewsLoaderView.swift */,
			);
			path = Views;
			sourceTree = "<group>";
		};
		7E8CB3622BBF00C5004A748D /* Models */ = {
			isa = PBXGroup;
			children = (
				7E8CB3552BBEFEF8004A748D /* NewsViewModel.swift */,
				7E93A5E12BBDBD3A00D71447 /* NewsModel.swift */,
			);
			path = Models;
			sourceTree = "<group>";
		};
		7E93A5BE2BBDA60A00D71447 = {
			isa = PBXGroup;
			children = (
				7E93A5C92BBDA60A00D71447 /* NewsApp */,
				7E93A5C82BBDA60A00D71447 /* Products */,
			);
			sourceTree = "<group>";
		};
		7E93A5C82BBDA60A00D71447 /* Products */ = {
			isa = PBXGroup;
			children = (
				7E93A5C72BBDA60A00D71447 /* NewsApp.app */,
			);
			name = Products;
			sourceTree = "<group>";
		};
		7E93A5C92BBDA60A00D71447 /* NewsApp */ = {
			isa = PBXGroup;
			children = (
				7E93A5DE2BBDAC8800D71447 /* Base */,
				7E93A5DF2BBDAC9500D71447 /* Modules */,
				7E93A5E32BBDC2C100D71447 /* Core */,
				7E93A5D32BBDA60C00D71447 /* Assets.xcassets */,
				7E93A5D52BBDA60C00D71447 /* LaunchScreen.storyboard */,
				7E93A5D82BBDA60C00D71447 /* Info.plist */,
			);
			path = NewsApp;
			sourceTree = "<group>";
		};
		7E93A5DE2BBDAC8800D71447 /* Base */ = {
			isa = PBXGroup;
			children = (
				7E93A5CA2BBDA60A00D71447 /* AppDelegate.swift */,
				7E93A5CC2BBDA60A00D71447 /* SceneDelegate.swift */,
			);
			path = Base;
			sourceTree = "<group>";
		};
		7E93A5DF2BBDAC9500D71447 /* Modules */ = {
			isa = PBXGroup;
			children = (
				7E93A5E02BBDAC9D00D71447 /* News */,
			);
			path = Modules;
			sourceTree = "<group>";
		};
		7E93A5E02BBDAC9D00D71447 /* News */ = {
			isa = PBXGroup;
			children = (
				7E93A5CE2BBDA60A00D71447 /* NewsViewController.swift */,
				7E8CB3592BBF0063004A748D /* NewsPresenter.swift */,
				7E93A5EB2BBDCD3600D71447 /* NewsDataProvider.swift */,
				7E8CB3632BBF0104004A748D /* NewsService.swift */,
				7E8CB3572BBEFFBA004A748D /* NewsEndpoints.swift */,
				7E8CB3612BBF00B3004A748D /* Views */,
				7E8CB3622BBF00C5004A748D /* Models */,
			);
			path = News;
			sourceTree = "<group>";
		};
		7E93A5E32BBDC2C100D71447 /* Core */ = {
			isa = PBXGroup;
			children = (
				7E93A5E42BBDC2CE00D71447 /* Networking */,
			);
			path = Core;
			sourceTree = "<group>";
		};
		7E93A5E42BBDC2CE00D71447 /* Networking */ = {
			isa = PBXGroup;
			children = (
				7E93A5ED2BBDCD9500D71447 /* NetworkSource.swift */,
				7E8CB3532BBEFAD8004A748D /* Networkable.swift */,
			);
			path = Networking;
			sourceTree = "<group>";
		};
/* End PBXGroup section */

/* Begin PBXNativeTarget section */
		7E93A5C62BBDA60A00D71447 /* NewsApp */ = {
			isa = PBXNativeTarget;
			buildConfigurationList = 7E93A5DB2BBDA60C00D71447 /* Build configuration list for PBXNativeTarget "NewsApp" */;
			buildPhases = (
				7E93A5C32BBDA60A00D71447 /* Sources */,
				7E93A5C42BBDA60A00D71447 /* Frameworks */,
				7E93A5C52BBDA60A00D71447 /* Resources */,
			);
			buildRules = (
			);
			dependencies = (
			);
			name = NewsApp;
			productName = NewsApp;
			productReference = 7E93A5C72BBDA60A00D71447 /* NewsApp.app */;
			productType = "com.apple.product-type.application";
		};
/* End PBXNativeTarget section */

/* Begin PBXProject section */
		7E93A5BF2BBDA60A00D71447 /* Project object */ = {
			isa = PBXProject;
			attributes = {
				BuildIndependentTargetsInParallel = 1;
				LastSwiftUpdateCheck = 1530;
				LastUpgradeCheck = 1530;
				TargetAttributes = {
					7E93A5C62BBDA60A00D71447 = {
						CreatedOnToolsVersion = 15.3;
					};
				};
			};
			buildConfigurationList = 7E93A5C22BBDA60A00D71447 /* Build configuration list for PBXProject "NewsApp" */;
			compatibilityVersion = "Xcode 14.0";
			developmentRegion = en;
			hasScannedForEncodings = 0;
			knownRegions = (
				en,
				Base,
			);
			mainGroup = 7E93A5BE2BBDA60A00D71447;
			productRefGroup = 7E93A5C82BBDA60A00D71447 /* Products */;
			projectDirPath = "";
			projectRoot = "";
			targets = (
				7E93A5C62BBDA60A00D71447 /* NewsApp */,
			);
		};
/* End PBXProject section */

/* Begin PBXResourcesBuildPhase section */
		7E93A5C52BBDA60A00D71447 /* Resources */ = {
			isa = PBXResourcesBuildPhase;
			buildActionMask = 2147483647;
			files = (
				7E93A5D42BBDA60C00D71447 /* Assets.xcassets in Resources */,
				7E93A5D72BBDA60C00D71447 /* Base in Resources */,
			);
			runOnlyForDeploymentPostprocessing = 0;
		};
/* End PBXResourcesBuildPhase section */

/* Begin PBXSourcesBuildPhase section */
		7E93A5C32BBDA60A00D71447 /* Sources */ = {
			isa = PBXSourcesBuildPhase;
			buildActionMask = 2147483647;
			files = (
				7E93A5E22BBDBD3A00D71447 /* NewsModel.swift in Sources */,
				7E8CB35C2BBF006B004A748D /* NewsView.swift in Sources */,
				7E93A5EC2BBDCD3600D71447 /* NewsDataProvider.swift in Sources */,
				7E93A5CF2BBDA60A00D71447 /* NewsViewController.swift in Sources */,
				7E8CB35E2BBF007D004A748D /* NewsErrorView.swift in Sources */,
				7E93A5EE2BBDCD9500D71447 /* NetworkSource.swift in Sources */,
				7E93A5CB2BBDA60A00D71447 /* AppDelegate.swift in Sources */,
				7E8CB3542BBEFAD8004A748D /* Networkable.swift in Sources */,
				7E93A5CD2BBDA60A00D71447 /* SceneDelegate.swift in Sources */,
				7E8CB35A2BBF0063004A748D /* NewsPresenter.swift in Sources */,
				7E8CB3642BBF0104004A748D /* NewsService.swift in Sources */,
				7E8CB3582BBEFFBA004A748D /* NewsEndpoints.swift in Sources */,
				7E8CB3602BBF0086004A748D /* NewsLoaderView.swift in Sources */,
				7E8CB3562BBEFEF8004A748D /* NewsViewModel.swift in Sources */,
			);
			runOnlyForDeploymentPostprocessing = 0;
		};
/* End PBXSourcesBuildPhase section */

/* Begin PBXVariantGroup section */
		7E93A5D52BBDA60C00D71447 /* LaunchScreen.storyboard */ = {
			isa = PBXVariantGroup;
			children = (
				7E93A5D62BBDA60C00D71447 /* Base */,
			);
			name = LaunchScreen.storyboard;
			sourceTree = "<group>";
		};
/* End PBXVariantGroup section */

/* Begin XCBuildConfiguration section */
		7E93A5D92BBDA60C00D71447 /* Debug */ = {
			isa = XCBuildConfiguration;
			buildSettings = {
				ALWAYS_SEARCH_USER_PATHS = NO;
				ASSETCATALOG_COMPILER_GENERATE_SWIFT_ASSET_SYMBOL_EXTENSIONS = YES;
				CLANG_ANALYZER_NONNULL = YES;
				CLANG_ANALYZER_NUMBER_OBJECT_CONVERSION = YES_AGGRESSIVE;
				CLANG_CXX_LANGUAGE_STANDARD = "gnu++20";
				CLANG_ENABLE_MODULES = YES;
				CLANG_ENABLE_OBJC_ARC = YES;
				CLANG_ENABLE_OBJC_WEAK = YES;
				CLANG_WARN_BLOCK_CAPTURE_AUTORELEASING = YES;
				CLANG_WARN_BOOL_CONVERSION = YES;
				CLANG_WARN_COMMA = YES;
				CLANG_WARN_CONSTANT_CONVERSION = YES;
				CLANG_WARN_DEPRECATED_OBJC_IMPLEMENTATIONS = YES;
				CLANG_WARN_DIRECT_OBJC_ISA_USAGE = YES_ERROR;
				CLANG_WARN_DOCUMENTATION_COMMENTS = YES;
				CLANG_WARN_EMPTY_BODY = YES;
				CLANG_WARN_ENUM_CONVERSION = YES;
				CLANG_WARN_INFINITE_RECURSION = YES;
				CLANG_WARN_INT_CONVERSION = YES;
				CLANG_WARN_NON_LITERAL_NULL_CONVERSION = YES;
				CLANG_WARN_OBJC_IMPLICIT_RETAIN_SELF = YES;
				CLANG_WARN_OBJC_LITERAL_CONVERSION = YES;
				CLANG_WARN_OBJC_ROOT_CLASS = YES_ERROR;
				CLANG_WARN_QUOTED_INCLUDE_IN_FRAMEWORK_HEADER = YES;
				CLANG_WARN_RANGE_LOOP_ANALYSIS = YES;
				CLANG_WARN_STRICT_PROTOTYPES = YES;
				CLANG_WARN_SUSPICIOUS_MOVE = YES;
				CLANG_WARN_UNGUARDED_AVAILABILITY = YES_AGGRESSIVE;
				CLANG_WARN_UNREACHABLE_CODE = YES;
				CLANG_WARN__DUPLICATE_METHOD_MATCH = YES;
				COPY_PHASE_STRIP = NO;
				DEBUG_INFORMATION_FORMAT = dwarf;
				ENABLE_STRICT_OBJC_MSGSEND = YES;
				ENABLE_TESTABILITY = YES;
				ENABLE_USER_SCRIPT_SANDBOXING = YES;
				GCC_C_LANGUAGE_STANDARD = gnu17;
				GCC_DYNAMIC_NO_PIC = NO;
				GCC_NO_COMMON_BLOCKS = YES;
				GCC_OPTIMIZATION_LEVEL = 0;
				GCC_PREPROCESSOR_DEFINITIONS = (
					"DEBUG=1",
					"$(inherited)",
				);
				GCC_WARN_64_TO_32_BIT_CONVERSION = YES;
				GCC_WARN_ABOUT_RETURN_TYPE = YES_ERROR;
				GCC_WARN_UNDECLARED_SELECTOR = YES;
				GCC_WARN_UNINITIALIZED_AUTOS = YES_AGGRESSIVE;
				GCC_WARN_UNUSED_FUNCTION = YES;
				GCC_WARN_UNUSED_VARIABLE = YES;
				IPHONEOS_DEPLOYMENT_TARGET = 17.0;
				LOCALIZATION_PREFERS_STRING_CATALOGS = YES;
				MTL_ENABLE_DEBUG_INFO = INCLUDE_SOURCE;
				MTL_FAST_MATH = YES;
				ONLY_ACTIVE_ARCH = YES;
				SDKROOT = iphoneos;
				SWIFT_ACTIVE_COMPILATION_CONDITIONS = "DEBUG $(inherited)";
				SWIFT_OPTIMIZATION_LEVEL = "-Onone";
			};
			name = Debug;
		};
		7E93A5DA2BBDA60C00D71447 /* Release */ = {
			isa = XCBuildConfiguration;
			buildSettings = {
				ALWAYS_SEARCH_USER_PATHS = NO;
				ASSETCATALOG_COMPILER_GENERATE_SWIFT_ASSET_SYMBOL_EXTENSIONS = YES;
				CLANG_ANALYZER_NONNULL = YES;
				CLANG_ANALYZER_NUMBER_OBJECT_CONVERSION = YES_AGGRESSIVE;
				CLANG_CXX_LANGUAGE_STANDARD = "gnu++20";
				CLANG_ENABLE_MODULES = YES;
				CLANG_ENABLE_OBJC_ARC = YES;
				CLANG_ENABLE_OBJC_WEAK = YES;
				CLANG_WARN_BLOCK_CAPTURE_AUTORELEASING = YES;
				CLANG_WARN_BOOL_CONVERSION = YES;
				CLANG_WARN_COMMA = YES;
				CLANG_WARN_CONSTANT_CONVERSION = YES;
				CLANG_WARN_DEPRECATED_OBJC_IMPLEMENTATIONS = YES;
				CLANG_WARN_DIRECT_OBJC_ISA_USAGE = YES_ERROR;
				CLANG_WARN_DOCUMENTATION_COMMENTS = YES;
				CLANG_WARN_EMPTY_BODY = YES;
				CLANG_WARN_ENUM_CONVERSION = YES;
				CLANG_WARN_INFINITE_RECURSION = YES;
				CLANG_WARN_INT_CONVERSION = YES;
				CLANG_WARN_NON_LITERAL_NULL_CONVERSION = YES;
				CLANG_WARN_OBJC_IMPLICIT_RETAIN_SELF = YES;
				CLANG_WARN_OBJC_LITERAL_CONVERSION = YES;
				CLANG_WARN_OBJC_ROOT_CLASS = YES_ERROR;
				CLANG_WARN_QUOTED_INCLUDE_IN_FRAMEWORK_HEADER = YES;
				CLANG_WARN_RANGE_LOOP_ANALYSIS = YES;
				CLANG_WARN_STRICT_PROTOTYPES = YES;
				CLANG_WARN_SUSPICIOUS_MOVE = YES;
				CLANG_WARN_UNGUARDED_AVAILABILITY = YES_AGGRESSIVE;
				CLANG_WARN_UNREACHABLE_CODE = YES;
				CLANG_WARN__DUPLICATE_METHOD_MATCH = YES;
				COPY_PHASE_STRIP = NO;
				DEBUG_INFORMATION_FORMAT = "dwarf-with-dsym";
				ENABLE_NS_ASSERTIONS = NO;
				ENABLE_STRICT_OBJC_MSGSEND = YES;
				ENABLE_USER_SCRIPT_SANDBOXING = YES;
				GCC_C_LANGUAGE_STANDARD = gnu17;
				GCC_NO_COMMON_BLOCKS = YES;
				GCC_WARN_64_TO_32_BIT_CONVERSION = YES;
				GCC_WARN_ABOUT_RETURN_TYPE = YES_ERROR;
				GCC_WARN_UNDECLARED_SELECTOR = YES;
				GCC_WARN_UNINITIALIZED_AUTOS = YES_AGGRESSIVE;
				GCC_WARN_UNUSED_FUNCTION = YES;
				GCC_WARN_UNUSED_VARIABLE = YES;
				IPHONEOS_DEPLOYMENT_TARGET = 17.0;
				LOCALIZATION_PREFERS_STRING_CATALOGS = YES;
				MTL_ENABLE_DEBUG_INFO = NO;
				MTL_FAST_MATH = YES;
				SDKROOT = iphoneos;
				SWIFT_COMPILATION_MODE = wholemodule;
				VALIDATE_PRODUCT = YES;
			};
			name = Release;
		};
		7E93A5DC2BBDA60C00D71447 /* Debug */ = {
			isa = XCBuildConfiguration;
			buildSettings = {
				ASSETCATALOG_COMPILER_APPICON_NAME = AppIcon;
				ASSETCATALOG_COMPILER_GLOBAL_ACCENT_COLOR_NAME = AccentColor;
				CODE_SIGN_STYLE = Automatic;
				CURRENT_PROJECT_VERSION = 1;
				GENERATE_INFOPLIST_FILE = YES;
				INFOPLIST_FILE = NewsApp/Info.plist;
				INFOPLIST_KEY_UIApplicationSupportsIndirectInputEvents = YES;
				INFOPLIST_KEY_UILaunchStoryboardName = LaunchScreen;
				INFOPLIST_KEY_UISupportedInterfaceOrientations = UIInterfaceOrientationPortrait;
				INFOPLIST_KEY_UISupportedInterfaceOrientations_iPad = "UIInterfaceOrientationLandscapeLeft UIInterfaceOrientationLandscapeRight UIInterfaceOrientationPortrait UIInterfaceOrientationPortraitUpsideDown";
				LD_RUNPATH_SEARCH_PATHS = (
					"$(inherited)",
					"@executable_path/Frameworks",
				);
				MARKETING_VERSION = 1.0;
				PRODUCT_BUNDLE_IDENTIFIER = lilleeash.NewsApp;
				PRODUCT_NAME = "$(TARGET_NAME)";
				SUPPORTED_PLATFORMS = "iphoneos iphonesimulator";
				SUPPORTS_MACCATALYST = NO;
				SUPPORTS_MAC_DESIGNED_FOR_IPHONE_IPAD = NO;
				SUPPORTS_XR_DESIGNED_FOR_IPHONE_IPAD = NO;
				SWIFT_EMIT_LOC_STRINGS = YES;
				SWIFT_VERSION = 5.0;
				TARGETED_DEVICE_FAMILY = 1;
			};
			name = Debug;
		};
		7E93A5DD2BBDA60C00D71447 /* Release */ = {
			isa = XCBuildConfiguration;
			buildSettings = {
				ASSETCATALOG_COMPILER_APPICON_NAME = AppIcon;
				ASSETCATALOG_COMPILER_GLOBAL_ACCENT_COLOR_NAME = AccentColor;
				CODE_SIGN_STYLE = Automatic;
				CURRENT_PROJECT_VERSION = 1;
				GENERATE_INFOPLIST_FILE = YES;
				INFOPLIST_FILE = NewsApp/Info.plist;
				INFOPLIST_KEY_UIApplicationSupportsIndirectInputEvents = YES;
				INFOPLIST_KEY_UILaunchStoryboardName = LaunchScreen;
				INFOPLIST_KEY_UISupportedInterfaceOrientations = UIInterfaceOrientationPortrait;
				INFOPLIST_KEY_UISupportedInterfaceOrientations_iPad = "UIInterfaceOrientationLandscapeLeft UIInterfaceOrientationLandscapeRight UIInterfaceOrientationPortrait UIInterfaceOrientationPortraitUpsideDown";
				LD_RUNPATH_SEARCH_PATHS = (
					"$(inherited)",
					"@executable_path/Frameworks",
				);
				MARKETING_VERSION = 1.0;
				PRODUCT_BUNDLE_IDENTIFIER = lilleeash.NewsApp;
				PRODUCT_NAME = "$(TARGET_NAME)";
				SUPPORTED_PLATFORMS = "iphoneos iphonesimulator";
				SUPPORTS_MACCATALYST = NO;
				SUPPORTS_MAC_DESIGNED_FOR_IPHONE_IPAD = NO;
				SUPPORTS_XR_DESIGNED_FOR_IPHONE_IPAD = NO;
				SWIFT_EMIT_LOC_STRINGS = YES;
				SWIFT_VERSION = 5.0;
				TARGETED_DEVICE_FAMILY = 1;
			};
			name = Release;
		};
/* End XCBuildConfiguration section */

/* Begin XCConfigurationList section */
		7E93A5C22BBDA60A00D71447 /* Build configuration list for PBXProject "NewsApp" */ = {
			isa = XCConfigurationList;
			buildConfigurations = (
				7E93A5D92BBDA60C00D71447 /* Debug */,
				7E93A5DA2BBDA60C00D71447 /* Release */,
			);
			defaultConfigurationIsVisible = 0;
			defaultConfigurationName = Release;
		};
		7E93A5DB2BBDA60C00D71447 /* Build configuration list for PBXNativeTarget "NewsApp" */ = {
			isa = XCConfigurationList;
			buildConfigurations = (
				7E93A5DC2BBDA60C00D71447 /* Debug */,
				7E93A5DD2BBDA60C00D71447 /* Release */,
			);
			defaultConfigurationIsVisible = 0;
			defaultConfigurationName = Release;
		};
/* End XCConfigurationList section */
	};
	rootObject = 7E93A5BF2BBDA60A00D71447 /* Project object */;
}
